
Microsoft Visual Studio Solution File, Format Version 12.00
# Visual Studio Version 17
VisualStudioVersion = 17.0.31903.59
MinimumVisualStudioVersion = 10.0.40219.1
Project("{2150E333-8FDC-42A3-9474-1A3956D46DE8}") = "src", "src", "{FE17FB71-F6E2-4DB4-9D85-34ACE1E8C924}"
EndProject
Project("{FAE04EC0-301F-11D3-BF4B-00C04F79EFBC}") = "Application", "src\Application\Application.csproj", "{1754647B-1E8E-43B5-B75C-86447BC9D47E}"
EndProject
Project("{FAE04EC0-301F-11D3-BF4B-00C04F79EFBC}") = "Contracts", "src\Contracts\Contracts.csproj", "{1B8C8C91-0409-46C9-A8A3-75A3C7807A98}"
EndProject
Project("{FAE04EC0-301F-11D3-BF4B-00C04F79EFBC}") = "Domain", "src\Domain\Domain.csproj", "{6E9EA5BE-324E-49F9-91E8-649D81973F6E}"
EndProject
Project("{FAE04EC0-301F-11D3-BF4B-00C04F79EFBC}") = "Infrastructure", "src\Infrastructure\Infrastructure.csproj", "{34EE5EC1-A389-4A86-8872-B7D6D50F0D11}"
EndProject
Project("{FAE04EC0-301F-11D3-BF4B-00C04F79EFBC}") = "Api", "src\Api\Api.csproj", "{FDA9C076-715E-4DA2-8FA3-84DCAD6F92E1}"
EndProject
Global
	GlobalSection(SolutionConfigurationPlatforms) = preSolution
		Debug|Any CPU = Debug|Any CPU
		Release|Any CPU = Release|Any CPU
	EndGlobalSection
	GlobalSection(SolutionProperties) = preSolution
		HideSolutionNode = FALSE
	EndGlobalSection
	GlobalSection(ProjectConfigurationPlatforms) = postSolution
		{1754647B-1E8E-43B5-B75C-86447BC9D47E}.Debug|Any CPU.ActiveCfg = Debug|Any CPU
		{1754647B-1E8E-43B5-B75C-86447BC9D47E}.Debug|Any CPU.Build.0 = Debug|Any CPU
		{1754647B-1E8E-43B5-B75C-86447BC9D47E}.Release|Any CPU.ActiveCfg = Release|Any CPU
		{1754647B-1E8E-43B5-B75C-86447BC9D47E}.Release|Any CPU.Build.0 = Release|Any CPU
		{1B8C8C91-0409-46C9-A8A3-75A3C7807A98}.Debug|Any CPU.ActiveCfg = Debug|Any CPU
		{1B8C8C91-0409-46C9-A8A3-75A3C7807A98}.Debug|Any CPU.Build.0 = Debug|Any CPU
		{1B8C8C91-0409-46C9-A8A3-75A3C7807A98}.Release|Any CPU.ActiveCfg = Release|Any CPU
		{1B8C8C91-0409-46C9-A8A3-75A3C7807A98}.Release|Any CPU.Build.0 = Release|Any CPU
		{6E9EA5BE-324E-49F9-91E8-649D81973F6E}.Debug|Any CPU.ActiveCfg = Debug|Any CPU
		{6E9EA5BE-324E-49F9-91E8-649D81973F6E}.Debug|Any CPU.Build.0 = Debug|Any CPU
		{6E9EA5BE-324E-49F9-91E8-649D81973F6E}.Release|Any CPU.ActiveCfg = Release|Any CPU
		{6E9EA5BE-324E-49F9-91E8-649D81973F6E}.Release|Any CPU.Build.0 = Release|Any CPU
		{34EE5EC1-A389-4A86-8872-B7D6D50F0D11}.Debug|Any CPU.ActiveCfg = Debug|Any CPU
		{34EE5EC1-A389-4A86-8872-B7D6D50F0D11}.Debug|Any CPU.Build.0 = Debug|Any CPU
		{34EE5EC1-A389-4A86-8872-B7D6D50F0D11}.Release|Any CPU.ActiveCfg = Release|Any CPU
		{34EE5EC1-A389-4A86-8872-B7D6D50F0D11}.Release|Any CPU.Build.0 = Release|Any CPU
		{FDA9C076-715E-4DA2-8FA3-84DCAD6F92E1}.Debug|Any CPU.ActiveCfg = Debug|Any CPU
		{FDA9C076-715E-4DA2-8FA3-84DCAD6F92E1}.Debug|Any CPU.Build.0 = Debug|Any CPU
		{FDA9C076-715E-4DA2-8FA3-84DCAD6F92E1}.Release|Any CPU.ActiveCfg = Release|Any CPU
		{FDA9C076-715E-4DA2-8FA3-84DCAD6F92E1}.Release|Any CPU.Build.0 = Release|Any CPU
	EndGlobalSection
	GlobalSection(NestedProjects) = preSolution
		{1754647B-1E8E-43B5-B75C-86447BC9D47E} = {FE17FB71-F6E2-4DB4-9D85-34ACE1E8C924}
		{1B8C8C91-0409-46C9-A8A3-75A3C7807A98} = {FE17FB71-F6E2-4DB4-9D85-34ACE1E8C924}
		{6E9EA5BE-324E-49F9-91E8-649D81973F6E} = {FE17FB71-F6E2-4DB4-9D85-34ACE1E8C924}
		{34EE5EC1-A389-4A86-8872-B7D6D50F0D11} = {FE17FB71-F6E2-4DB4-9D85-34ACE1E8C924}
		{FDA9C076-715E-4DA2-8FA3-84DCAD6F92E1} = {FE17FB71-F6E2-4DB4-9D85-34ACE1E8C924}
	EndGlobalSection
EndGlobal
