
Microsoft Visual Studio Solution File, Format Version 12.00
# Visual Studio Version 17
VisualStudioVersion = 17.0.31903.59
MinimumVisualStudioVersion = 10.0.40219.1
Project("{2150E333-8FDC-42A3-9474-1A3956D46DE8}") = "src", "src", "{E6E819ED-053B-48EB-AE13-B2C1DD80F824}"
EndProject
Project("{FAE04EC0-301F-11D3-BF4B-00C04F79EFBC}") = "Api", "src\Api\Api.csproj", "{CF7D65F9-EE8D-4B2F-BB98-4AF4C4B666D7}"
EndProject
Project("{FAE04EC0-301F-11D3-BF4B-00C04F79EFBC}") = "Application", "src\Application\Application.csproj", "{7A616C75-0B67-4253-9B12-D3833D44F7FA}"
EndProject
Project("{FAE04EC0-301F-11D3-BF4B-00C04F79EFBC}") = "Contracts", "src\Contracts\Contracts.csproj", "{39023150-F6D9-4CA7-9803-DF292D0B0CCF}"
EndProject
Project("{FAE04EC0-301F-11D3-BF4B-00C04F79EFBC}") = "Domain", "src\Domain\Domain.csproj", "{0E9BC678-DDC4-4141-95A2-8642E9B262C4}"
EndProject
Project("{FAE04EC0-301F-11D3-BF4B-00C04F79EFBC}") = "Infrastructure", "src\Infrastructure\Infrastructure.csproj", "{EF64849E-849C-44D8-9A0A-17C38F0A2FD4}"
EndProject
Project("{2150E333-8FDC-42A3-9474-1A3956D46DE8}") = "tests", "tests", "{1714E313-54DB-4D23-BB87-616EBF53C1CE}"
EndProject
Project("{2150E333-8FDC-42A3-9474-1A3956D46DE8}") = "UnitTests", "UnitTests", "{B818370D-821E-400D-896C-048AD304D075}"
EndProject
Project("{FAE04EC0-301F-11D3-BF4B-00C04F79EFBC}") = "Api.UnitTests", "tests\UnitTests\Api.UnitTests\Api.UnitTests.csproj", "{004692F1-4448-421D-B136-2E69A83F283C}"
EndProject
Project("{FAE04EC0-301F-11D3-BF4B-00C04F79EFBC}") = "Application.UnitTests", "tests\UnitTests\Application.UnitTests\Application.UnitTests.csproj", "{DED970CD-F55D-4409-BA66-1DC532E417A2}"
EndProject
Project("{FAE04EC0-301F-11D3-BF4B-00C04F79EFBC}") = "Domain.UnitTests", "tests\UnitTests\Domain.UnitTests\Domain.UnitTests.csproj", "{19EAC8B2-BB41-4943-922D-306173CB8BD2}"
EndProject
Project("{FAE04EC0-301F-11D3-BF4B-00C04F79EFBC}") = "Infrastructure.UnitTests", "tests\UnitTests\Infrastructure.UnitTests\Infrastructure.UnitTests.csproj", "{E362C841-90F8-491C-B30F-9F03810F52F1}"
EndProject
Global
	GlobalSection(SolutionConfigurationPlatforms) = preSolution
		Debug|Any CPU = Debug|Any CPU
		Release|Any CPU = Release|Any CPU
	EndGlobalSection
	GlobalSection(SolutionProperties) = preSolution
		HideSolutionNode = FALSE
	EndGlobalSection
	GlobalSection(ProjectConfigurationPlatforms) = postSolution
		{CF7D65F9-EE8D-4B2F-BB98-4AF4C4B666D7}.Debug|Any CPU.ActiveCfg = Debug|Any CPU
		{CF7D65F9-EE8D-4B2F-BB98-4AF4C4B666D7}.Debug|Any CPU.Build.0 = Debug|Any CPU
		{CF7D65F9-EE8D-4B2F-BB98-4AF4C4B666D7}.Release|Any CPU.ActiveCfg = Release|Any CPU
		{CF7D65F9-EE8D-4B2F-BB98-4AF4C4B666D7}.Release|Any CPU.Build.0 = Release|Any CPU
		{7A616C75-0B67-4253-9B12-D3833D44F7FA}.Debug|Any CPU.ActiveCfg = Debug|Any CPU
		{7A616C75-0B67-4253-9B12-D3833D44F7FA}.Debug|Any CPU.Build.0 = Debug|Any CPU
		{7A616C75-0B67-4253-9B12-D3833D44F7FA}.Release|Any CPU.ActiveCfg = Release|Any CPU
		{7A616C75-0B67-4253-9B12-D3833D44F7FA}.Release|Any CPU.Build.0 = Release|Any CPU
		{39023150-F6D9-4CA7-9803-DF292D0B0CCF}.Debug|Any CPU.ActiveCfg = Debug|Any CPU
		{39023150-F6D9-4CA7-9803-DF292D0B0CCF}.Debug|Any CPU.Build.0 = Debug|Any CPU
		{39023150-F6D9-4CA7-9803-DF292D0B0CCF}.Release|Any CPU.ActiveCfg = Release|Any CPU
		{39023150-F6D9-4CA7-9803-DF292D0B0CCF}.Release|Any CPU.Build.0 = Release|Any CPU
		{0E9BC678-DDC4-4141-95A2-8642E9B262C4}.Debug|Any CPU.ActiveCfg = Debug|Any CPU
		{0E9BC678-DDC4-4141-95A2-8642E9B262C4}.Debug|Any CPU.Build.0 = Debug|Any CPU
		{0E9BC678-DDC4-4141-95A2-8642E9B262C4}.Release|Any CPU.ActiveCfg = Release|Any CPU
		{0E9BC678-DDC4-4141-95A2-8642E9B262C4}.Release|Any CPU.Build.0 = Release|Any CPU
		{EF64849E-849C-44D8-9A0A-17C38F0A2FD4}.Debug|Any CPU.ActiveCfg = Debug|Any CPU
		{EF64849E-849C-44D8-9A0A-17C38F0A2FD4}.Debug|Any CPU.Build.0 = Debug|Any CPU
		{EF64849E-849C-44D8-9A0A-17C38F0A2FD4}.Release|Any CPU.ActiveCfg = Release|Any CPU
		{EF64849E-849C-44D8-9A0A-17C38F0A2FD4}.Release|Any CPU.Build.0 = Release|Any CPU
		{004692F1-4448-421D-B136-2E69A83F283C}.Debug|Any CPU.ActiveCfg = Debug|Any CPU
		{004692F1-4448-421D-B136-2E69A83F283C}.Debug|Any CPU.Build.0 = Debug|Any CPU
		{004692F1-4448-421D-B136-2E69A83F283C}.Release|Any CPU.ActiveCfg = Release|Any CPU
		{004692F1-4448-421D-B136-2E69A83F283C}.Release|Any CPU.Build.0 = Release|Any CPU
		{DED970CD-F55D-4409-BA66-1DC532E417A2}.Debug|Any CPU.ActiveCfg = Debug|Any CPU
		{DED970CD-F55D-4409-BA66-1DC532E417A2}.Debug|Any CPU.Build.0 = Debug|Any CPU
		{DED970CD-F55D-4409-BA66-1DC532E417A2}.Release|Any CPU.ActiveCfg = Release|Any CPU
		{DED970CD-F55D-4409-BA66-1DC532E417A2}.Release|Any CPU.Build.0 = Release|Any CPU
		{19EAC8B2-BB41-4943-922D-306173CB8BD2}.Debug|Any CPU.ActiveCfg = Debug|Any CPU
		{19EAC8B2-BB41-4943-922D-306173CB8BD2}.Debug|Any CPU.Build.0 = Debug|Any CPU
		{19EAC8B2-BB41-4943-922D-306173CB8BD2}.Release|Any CPU.ActiveCfg = Release|Any CPU
		{19EAC8B2-BB41-4943-922D-306173CB8BD2}.Release|Any CPU.Build.0 = Release|Any CPU
		{E362C841-90F8-491C-B30F-9F03810F52F1}.Debug|Any CPU.ActiveCfg = Debug|Any CPU
		{E362C841-90F8-491C-B30F-9F03810F52F1}.Debug|Any CPU.Build.0 = Debug|Any CPU
		{E362C841-90F8-491C-B30F-9F03810F52F1}.Release|Any CPU.ActiveCfg = Release|Any CPU
		{E362C841-90F8-491C-B30F-9F03810F52F1}.Release|Any CPU.Build.0 = Release|Any CPU
	EndGlobalSection
	GlobalSection(NestedProjects) = preSolution
		{CF7D65F9-EE8D-4B2F-BB98-4AF4C4B666D7} = {E6E819ED-053B-48EB-AE13-B2C1DD80F824}
		{7A616C75-0B67-4253-9B12-D3833D44F7FA} = {E6E819ED-053B-48EB-AE13-B2C1DD80F824}
		{39023150-F6D9-4CA7-9803-DF292D0B0CCF} = {E6E819ED-053B-48EB-AE13-B2C1DD80F824}
		{0E9BC678-DDC4-4141-95A2-8642E9B262C4} = {E6E819ED-053B-48EB-AE13-B2C1DD80F824}
		{EF64849E-849C-44D8-9A0A-17C38F0A2FD4} = {E6E819ED-053B-48EB-AE13-B2C1DD80F824}
		{B818370D-821E-400D-896C-048AD304D075} = {1714E313-54DB-4D23-BB87-616EBF53C1CE}
		{004692F1-4448-421D-B136-2E69A83F283C} = {B818370D-821E-400D-896C-048AD304D075}
		{DED970CD-F55D-4409-BA66-1DC532E417A2} = {B818370D-821E-400D-896C-048AD304D075}
		{19EAC8B2-BB41-4943-922D-306173CB8BD2} = {B818370D-821E-400D-896C-048AD304D075}
		{E362C841-90F8-491C-B30F-9F03810F52F1} = {B818370D-821E-400D-896C-048AD304D075}
	EndGlobalSection
EndGlobal
