
Microsoft Visual Studio Solution File, Format Version 12.00
# Visual Studio Version 17
VisualStudioVersion = 17.11.35312.102
MinimumVisualStudioVersion = 10.0.40219.1
Project("{FAE04EC0-301F-11D3-BF4B-00C04F79EFBC}") = "Application", "Application\Application.csproj", "{89E3C51A-9979-4844-AE64-6E104DA0D38E}"
EndProject
Project("{FAE04EC0-301F-11D3-BF4B-00C04F79EFBC}") = "Domain", "Domain\Domain.csproj", "{1E800DA8-4B45-4648-B042-66DC1947CEE6}"
EndProject
Project("{FAE04EC0-301F-11D3-BF4B-00C04F79EFBC}") = "Infrastructure", "Infrastructure\Infrastructure.csproj", "{6C9EB512-DCA7-4845-8E45-69A616B486CD}"
EndProject
Project("{FAE04EC0-301F-11D3-BF4B-00C04F79EFBC}") = "Contracts", "Contracts\Contracts.csproj", "{1A72ABE5-23C1-4E6A-A49E-B4C38249E058}"
EndProject
Project("{FAE04EC0-301F-11D3-BF4B-00C04F79EFBC}") = "Api", "Api\Api.csproj", "{2ECDE309-494D-4F24-ACCE-E20004F2A32D}"
EndProject
Project("{2150E333-8FDC-42A3-9474-1A3956D46DE8}") = "tests", "tests", "{B382475D-6C51-4371-941A-F97D87D9E080}"
EndProject
Project("{FAE04EC0-301F-11D3-BF4B-00C04F79EFBC}") = "Application.Tests", "tests\Application.Tests\Application.Tests.csproj", "{30FFEE1E-800A-403D-94B1-2A12326F6D75}"
EndProject
Global
	GlobalSection(SolutionConfigurationPlatforms) = preSolution
		Debug|Any CPU = Debug|Any CPU
		Release|Any CPU = Release|Any CPU
	EndGlobalSection
	GlobalSection(ProjectConfigurationPlatforms) = postSolution
		{89E3C51A-9979-4844-AE64-6E104DA0D38E}.Debug|Any CPU.ActiveCfg = Debug|Any CPU
		{89E3C51A-9979-4844-AE64-6E104DA0D38E}.Debug|Any CPU.Build.0 = Debug|Any CPU
		{89E3C51A-9979-4844-AE64-6E104DA0D38E}.Release|Any CPU.ActiveCfg = Release|Any CPU
		{89E3C51A-9979-4844-AE64-6E104DA0D38E}.Release|Any CPU.Build.0 = Release|Any CPU
		{1E800DA8-4B45-4648-B042-66DC1947CEE6}.Debug|Any CPU.ActiveCfg = Debug|Any CPU
		{1E800DA8-4B45-4648-B042-66DC1947CEE6}.Debug|Any CPU.Build.0 = Debug|Any CPU
		{1E800DA8-4B45-4648-B042-66DC1947CEE6}.Release|Any CPU.ActiveCfg = Release|Any CPU
		{1E800DA8-4B45-4648-B042-66DC1947CEE6}.Release|Any CPU.Build.0 = Release|Any CPU
		{6C9EB512-DCA7-4845-8E45-69A616B486CD}.Debug|Any CPU.ActiveCfg = Debug|Any CPU
		{6C9EB512-DCA7-4845-8E45-69A616B486CD}.Debug|Any CPU.Build.0 = Debug|Any CPU
		{6C9EB512-DCA7-4845-8E45-69A616B486CD}.Release|Any CPU.ActiveCfg = Release|Any CPU
		{6C9EB512-DCA7-4845-8E45-69A616B486CD}.Release|Any CPU.Build.0 = Release|Any CPU
		{1A72ABE5-23C1-4E6A-A49E-B4C38249E058}.Debug|Any CPU.ActiveCfg = Debug|Any CPU
		{1A72ABE5-23C1-4E6A-A49E-B4C38249E058}.Debug|Any CPU.Build.0 = Debug|Any CPU
		{1A72ABE5-23C1-4E6A-A49E-B4C38249E058}.Release|Any CPU.ActiveCfg = Release|Any CPU
		{1A72ABE5-23C1-4E6A-A49E-B4C38249E058}.Release|Any CPU.Build.0 = Release|Any CPU
		{2ECDE309-494D-4F24-ACCE-E20004F2A32D}.Debug|Any CPU.ActiveCfg = Debug|Any CPU
		{2ECDE309-494D-4F24-ACCE-E20004F2A32D}.Debug|Any CPU.Build.0 = Debug|Any CPU
		{2ECDE309-494D-4F24-ACCE-E20004F2A32D}.Release|Any CPU.ActiveCfg = Release|Any CPU
		{2ECDE309-494D-4F24-ACCE-E20004F2A32D}.Release|Any CPU.Build.0 = Release|Any CPU
		{30FFEE1E-800A-403D-94B1-2A12326F6D75}.Debug|Any CPU.ActiveCfg = Debug|Any CPU
		{30FFEE1E-800A-403D-94B1-2A12326F6D75}.Debug|Any CPU.Build.0 = Debug|Any CPU
		{30FFEE1E-800A-403D-94B1-2A12326F6D75}.Release|Any CPU.ActiveCfg = Release|Any CPU
		{30FFEE1E-800A-403D-94B1-2A12326F6D75}.Release|Any CPU.Build.0 = Release|Any CPU
	EndGlobalSection
	GlobalSection(SolutionProperties) = preSolution
		HideSolutionNode = FALSE
	EndGlobalSection
	GlobalSection(ExtensibilityGlobals) = postSolution
		SolutionGuid = {FFAFACA4-B716-4CEE-A661-39C480EF26B7}
	EndGlobalSection
	GlobalSection(NestedProjects) = preSolution
		{30FFEE1E-800A-403D-94B1-2A12326F6D75} = {B382475D-6C51-4371-941A-F97D87D9E080}
	EndGlobalSection
EndGlobal
